Microsoft Visual Studio Solution File, Format Version 12.00
# Visual Studio Version 17
VisualStudioVersion = 17.5.2.0
MinimumVisualStudioVersion = 10.0.40219.1
Project("{FAE04EC0-301F-11D3-BF4B-00C04F79EFBC}") = "StorageAccessFunction", "function-app\StorageAccessFunction.csproj", "{321F6E0A-3AE3-67D0-1920-F33E8D35443B}"
EndProject
Global
	GlobalSection(SolutionConfigurationPlatforms) = preSolution
		Debug|Any CPU = Debug|Any CPU
		Release|Any CPU = Release|Any CPU
	EndGlobalSection
	GlobalSection(ProjectConfigurationPlatforms) = postSolution
		{321F6E0A-3AE3-67D0-1920-F33E8D35443B}.Debug|Any CPU.ActiveCfg = Debug|Any CPU
		{321F6E0A-3AE3-67D0-1920-F33E8D35443B}.Debug|Any CPU.Build.0 = Debug|Any CPU
		{321F6E0A-3AE3-67D0-1920-F33E8D35443B}.Release|Any CPU.ActiveCfg = Release|Any CPU
		{321F6E0A-3AE3-67D0-1920-F33E8D35443B}.Release|Any CPU.Build.0 = Release|Any CPU
	EndGlobalSection
	GlobalSection(SolutionProperties) = preSolution
		HideSolutionNode = FALSE
	EndGlobalSection
	GlobalSection(ExtensibilityGlobals) = postSolution
		SolutionGuid = {A5ED22AB-A296-4057-9628-44F40CBE9716}
	EndGlobalSection
EndGlobal
