Microsoft Visual Studio Solution File, Format Version 12.00
# Visual Studio Version 17
VisualStudioVersion = 17.5.2.0
MinimumVisualStudioVersion = 10.0.40219.1
Project("{FAE04EC0-301F-11D3-BF4B-00C04F79EFBC}") = "function-app", "function-app\function-app.csproj", "{FD82E55F-4206-2716-1036-950586FF5961}"
EndProject
Global
	GlobalSection(SolutionConfigurationPlatforms) = preSolution
		Debug|Any CPU = Debug|Any CPU
		Release|Any CPU = Release|Any CPU
	EndGlobalSection
	GlobalSection(ProjectConfigurationPlatforms) = postSolution
		{FD82E55F-4206-2716-1036-950586FF5961}.Debug|Any CPU.ActiveCfg = Debug|Any CPU
		{FD82E55F-4206-2716-1036-950586FF5961}.Debug|Any CPU.Build.0 = Debug|Any CPU
		{FD82E55F-4206-2716-1036-950586FF5961}.Release|Any CPU.ActiveCfg = Release|Any CPU
		{FD82E55F-4206-2716-1036-950586FF5961}.Release|Any CPU.Build.0 = Release|Any CPU
	EndGlobalSection
	GlobalSection(SolutionProperties) = preSolution
		HideSolutionNode = FALSE
	EndGlobalSection
	GlobalSection(ExtensibilityGlobals) = postSolution
		SolutionGuid = {4790F39C-64C0-4CC2-B61B-7D0A80F75693}
	EndGlobalSection
EndGlobal
